// !$*UTF8*$!
{
	archiveVersion = 1;
	classes = {
	};
	objectVersion = 56;
	objects = {

/* Begin PBXBuildFile section */
		64386C2E2D349FC4004EB5A6 /* FeedbackApp.swift in Sources */ = {isa = PBXBuildFile; fileRef = 64386C2D2D349FC4004EB5A6 /* FeedbackApp.swift */; };
		64386C302D349FC4004EB5A6 /* ContentView.swift in Sources */ = {isa = PBXBuildFile; fileRef = 64386C2F2D349FC4004EB5A6 /* ContentView.swift */; };
		64386C322D349FC5004EB5A6 /* Assets.xcassets in Resources */ = {isa = PBXBuildFile; fileRef = 64386C312D349FC5004EB5A6 /* Assets.xcassets */; };
		64386C362D349FC5004EB5A6 /* Preview Assets.xcassets in Resources */ = {isa = PBXBuildFile; fileRef = 64386C352D349FC5004EB5A6 /* Preview Assets.xcassets */; };
		64386C3E2D35C07E004EB5A6 /* Main.xcdatamodeld in Sources */ = {isa = PBXBuildFile; fileRef = 64386C3C2D35C07E004EB5A6 /* Main.xcdatamodeld */; };
		64386C402D35C2B0004EB5A6 /* DataController.swift in Sources */ = {isa = PBXBuildFile; fileRef = 64386C3F2D35C2B0004EB5A6 /* DataController.swift */; };
		64386C432D3B185F004EB5A6 /* SidebarView.swift in Sources */ = {isa = PBXBuildFile; fileRef = 64386C422D3B185F004EB5A6 /* SidebarView.swift */; };
		64386C452D3B1866004EB5A6 /* DetailView.swift in Sources */ = {isa = PBXBuildFile; fileRef = 64386C442D3B1866004EB5A6 /* DetailView.swift */; };
		64386C472D3B19E8004EB5A6 /* Filter.swift in Sources */ = {isa = PBXBuildFile; fileRef = 64386C462D3B19E8004EB5A6 /* Filter.swift */; };
		6494F0482D4DB6E30048A7B5 /* Issue-CoreDataHelpers.swift in Sources */ = {isa = PBXBuildFile; fileRef = 6494F0472D4DB6E30048A7B5 /* Issue-CoreDataHelpers.swift */; };
		6494F04A2D4DB86A0048A7B5 /* Tag-CoreDataHelpers.swift in Sources */ = {isa = PBXBuildFile; fileRef = 6494F0492D4DB86A0048A7B5 /* Tag-CoreDataHelpers.swift */; };
		64F4C2B42E0CAB12006372DF /* IssueRow.swift in Sources */ = {isa = PBXBuildFile; fileRef = 64F4C2B32E0CAB12006372DF /* IssueRow.swift */; };
/* End PBXBuildFile section */

/* Begin PBXFileReference section */
		64386C2A2D349FC4004EB5A6 /* FeedbackApp.app */ = {isa = PBXFileReference; explicitFileType = wrapper.application; includeInIndex = 0; path = FeedbackApp.app; sourceTree = BUILT_PRODUCTS_DIR; };
		64386C2D2D349FC4004EB5A6 /* FeedbackApp.swift */ = {isa = PBXFileReference; lastKnownFileType = sourcecode.swift; path = FeedbackApp.swift; sourceTree = "<group>"; };
		64386C2F2D349FC4004EB5A6 /* ContentView.swift */ = {isa = PBXFileReference; lastKnownFileType = sourcecode.swift; path = ContentView.swift; sourceTree = "<group>"; };
		64386C312D349FC5004EB5A6 /* Assets.xcassets */ = {isa = PBXFileReference; lastKnownFileType = folder.assetcatalog; path = Assets.xcassets; sourceTree = "<group>"; };
		64386C332D349FC5004EB5A6 /* FeedbackApp.entitlements */ = {isa = PBXFileReference; lastKnownFileType = text.plist.entitlements; path = FeedbackApp.entitlements; sourceTree = "<group>"; };
		64386C352D349FC5004EB5A6 /* Preview Assets.xcassets */ = {isa = PBXFileReference; lastKnownFileType = folder.assetcatalog; path = "Preview Assets.xcassets"; sourceTree = "<group>"; };
		64386C3D2D35C07E004EB5A6 /* Main.xcdatamodel */ = {isa = PBXFileReference; lastKnownFileType = wrapper.xcdatamodel; path = Main.xcdatamodel; sourceTree = "<group>"; };
		64386C3F2D35C2B0004EB5A6 /* DataController.swift */ = {isa = PBXFileReference; lastKnownFileType = sourcecode.swift; path = DataController.swift; sourceTree = "<group>"; };
		64386C412D35CF10004EB5A6 /* Info.plist */ = {isa = PBXFileReference; lastKnownFileType = text.plist; path = Info.plist; sourceTree = "<group>"; };
		64386C422D3B185F004EB5A6 /* SidebarView.swift */ = {isa = PBXFileReference; lastKnownFileType = sourcecode.swift; path = SidebarView.swift; sourceTree = "<group>"; };
		64386C442D3B1866004EB5A6 /* DetailView.swift */ = {isa = PBXFileReference; lastKnownFileType = sourcecode.swift; path = DetailView.swift; sourceTree = "<group>"; };
		64386C462D3B19E8004EB5A6 /* Filter.swift */ = {isa = PBXFileReference; lastKnownFileType = sourcecode.swift; path = Filter.swift; sourceTree = "<group>"; };
		6494F0472D4DB6E30048A7B5 /* Issue-CoreDataHelpers.swift */ = {isa = PBXFileReference; lastKnownFileType = sourcecode.swift; path = "Issue-CoreDataHelpers.swift"; sourceTree = "<group>"; };
		6494F0492D4DB86A0048A7B5 /* Tag-CoreDataHelpers.swift */ = {isa = PBXFileReference; lastKnownFileType = sourcecode.swift; path = "Tag-CoreDataHelpers.swift"; sourceTree = "<group>"; };
		64F4C2B32E0CAB12006372DF /* IssueRow.swift */ = {isa = PBXFileReference; lastKnownFileType = sourcecode.swift; path = IssueRow.swift; sourceTree = "<group>"; };
/* End PBXFileReference section */

/* Begin PBXFrameworksBuildPhase section */
		64386C272D349FC4004EB5A6 /* Frameworks */ = {
			isa = PBXFrameworksBuildPhase;
			buildActionMask = 2147483647;
			files = (
			);
			runOnlyForDeploymentPostprocessing = 0;
		};
/* End PBXFrameworksBuildPhase section */

/* Begin PBXGroup section */
		64386C212D349FC4004EB5A6 = {
			isa = PBXGroup;
			children = (
				64386C2C2D349FC4004EB5A6 /* FeedbackApp */,
				64386C2B2D349FC4004EB5A6 /* Products */,
			);
			sourceTree = "<group>";
		};
		64386C2B2D349FC4004EB5A6 /* Products */ = {
			isa = PBXGroup;
			children = (
				64386C2A2D349FC4004EB5A6 /* FeedbackApp.app */,
			);
			name = Products;
			sourceTree = "<group>";
		};
		64386C2C2D349FC4004EB5A6 /* FeedbackApp */ = {
			isa = PBXGroup;
			children = (
				64386C412D35CF10004EB5A6 /* Info.plist */,
				64386C2D2D349FC4004EB5A6 /* FeedbackApp.swift */,
				64386C462D3B19E8004EB5A6 /* Filter.swift */,
				64386C422D3B185F004EB5A6 /* SidebarView.swift */,
				64386C442D3B1866004EB5A6 /* DetailView.swift */,
				64386C3F2D35C2B0004EB5A6 /* DataController.swift */,
				64386C2F2D349FC4004EB5A6 /* ContentView.swift */,
				64F4C2B32E0CAB12006372DF /* IssueRow.swift */,
				6494F0472D4DB6E30048A7B5 /* Issue-CoreDataHelpers.swift */,
				6494F0492D4DB86A0048A7B5 /* Tag-CoreDataHelpers.swift */,
				64386C3C2D35C07E004EB5A6 /* Main.xcdatamodeld */,
				64386C312D349FC5004EB5A6 /* Assets.xcassets */,
				64386C332D349FC5004EB5A6 /* FeedbackApp.entitlements */,
				64386C342D349FC5004EB5A6 /* Preview Content */,
			);
			path = FeedbackApp;
			sourceTree = "<group>";
		};
		64386C342D349FC5004EB5A6 /* Preview Content */ = {
			isa = PBXGroup;
			children = (
				64386C352D349FC5004EB5A6 /* Preview Assets.xcassets */,
			);
			path = "Preview Content";
			sourceTree = "<group>";
		};
/* End PBXGroup section */

/* Begin PBXNativeTarget section */
		64386C292D349FC4004EB5A6 /* FeedbackApp */ = {
			isa = PBXNativeTarget;
			buildConfigurationList = 64386C392D349FC5004EB5A6 /* Build configuration list for PBXNativeTarget "FeedbackApp" */;
			buildPhases = (
				64386C262D349FC4004EB5A6 /* Sources */,
				64386C272D349FC4004EB5A6 /* Frameworks */,
				64386C282D349FC4004EB5A6 /* Resources */,
			);
			buildRules = (
			);
			dependencies = (
			);
			name = FeedbackApp;
			productName = FeedbackApp;
			productReference = 64386C2A2D349FC4004EB5A6 /* FeedbackApp.app */;
			productType = "com.apple.product-type.application";
		};
/* End PBXNativeTarget section */

/* Begin PBXProject section */
		64386C222D349FC4004EB5A6 /* Project object */ = {
			isa = PBXProject;
			attributes = {
				BuildIndependentTargetsInParallel = 1;
				LastSwiftUpdateCheck = 1540;
				LastUpgradeCheck = 1540;
				TargetAttributes = {
					64386C292D349FC4004EB5A6 = {
						CreatedOnToolsVersion = 15.4;
					};
				};
			};
			buildConfigurationList = 64386C252D349FC4004EB5A6 /* Build configuration list for PBXProject "FeedbackApp" */;
			compatibilityVersion = "Xcode 14.0";
			developmentRegion = en;
			hasScannedForEncodings = 0;
			knownRegions = (
				en,
				Base,
			);
			mainGroup = 64386C212D349FC4004EB5A6;
			productRefGroup = 64386C2B2D349FC4004EB5A6 /* Products */;
			projectDirPath = "";
			projectRoot = "";
			targets = (
				64386C292D349FC4004EB5A6 /* FeedbackApp */,
			);
		};
/* End PBXProject section */

/* Begin PBXResourcesBuildPhase section */
		64386C282D349FC4004EB5A6 /* Resources */ = {
			isa = PBXResourcesBuildPhase;
			buildActionMask = 2147483647;
			files = (
				64386C362D349FC5004EB5A6 /* Preview Assets.xcassets in Resources */,
				64386C322D349FC5004EB5A6 /* Assets.xcassets in Resources */,
			);
			runOnlyForDeploymentPostprocessing = 0;
		};
/* End PBXResourcesBuildPhase section */

/* Begin PBXSourcesBuildPhase section */
		64386C262D349FC4004EB5A6 /* Sources */ = {
			isa = PBXSourcesBuildPhase;
			buildActionMask = 2147483647;
			files = (
				64386C472D3B19E8004EB5A6 /* Filter.swift in Sources */,
				64386C3E2D35C07E004EB5A6 /* Main.xcdatamodeld in Sources */,
				6494F0482D4DB6E30048A7B5 /* Issue-CoreDataHelpers.swift in Sources */,
				64386C452D3B1866004EB5A6 /* DetailView.swift in Sources */,
				64386C402D35C2B0004EB5A6 /* DataController.swift in Sources */,
				64386C432D3B185F004EB5A6 /* SidebarView.swift in Sources */,
				64386C302D349FC4004EB5A6 /* ContentView.swift in Sources */,
				6494F04A2D4DB86A0048A7B5 /* Tag-CoreDataHelpers.swift in Sources */,
				64F4C2B42E0CAB12006372DF /* IssueRow.swift in Sources */,
				64386C2E2D349FC4004EB5A6 /* FeedbackApp.swift in Sources */,
			);
			runOnlyForDeploymentPostprocessing = 0;
		};
/* End PBXSourcesBuildPhase section */

/* Begin XCBuildConfiguration section */
		64386C372D349FC5004EB5A6 /* Debug */ = {
			isa = XCBuildConfiguration;
			buildSettings = {
				ALWAYS_SEARCH_USER_PATHS = NO;
				ASSETCATALOG_COMPILER_GENERATE_SWIFT_ASSET_SYMBOL_EXTENSIONS = YES;
				CLANG_ANALYZER_NONNULL = YES;
				CLANG_ANALYZER_NUMBER_OBJECT_CONVERSION = YES_AGGRESSIVE;
				CLANG_CXX_LANGUAGE_STANDARD = "gnu++20";
				CLANG_ENABLE_MODULES = YES;
				CLANG_ENABLE_OBJC_ARC = YES;
				CLANG_ENABLE_OBJC_WEAK = YES;
				CLANG_WARN_BLOCK_CAPTURE_AUTORELEASING = YES;
				CLANG_WARN_BOOL_CONVERSION = YES;
				CLANG_WARN_COMMA = YES;
				CLANG_WARN_CONSTANT_CONVERSION = YES;
				CLANG_WARN_DEPRECATED_OBJC_IMPLEMENTATIONS = YES;
				CLANG_WARN_DIRECT_OBJC_ISA_USAGE = YES_ERROR;
				CLANG_WARN_DOCUMENTATION_COMMENTS = YES;
				CLANG_WARN_EMPTY_BODY = YES;
				CLANG_WARN_ENUM_CONVERSION = YES;
				CLANG_WARN_INFINITE_RECURSION = YES;
				CLANG_WARN_INT_CONVERSION = YES;
				CLANG_WARN_NON_LITERAL_NULL_CONVERSION = YES;
				CLANG_WARN_OBJC_IMPLICIT_RETAIN_SELF = YES;
				CLANG_WARN_OBJC_LITERAL_CONVERSION = YES;
				CLANG_WARN_OBJC_ROOT_CLASS = YES_ERROR;
				CLANG_WARN_QUOTED_INCLUDE_IN_FRAMEWORK_HEADER = YES;
				CLANG_WARN_RANGE_LOOP_ANALYSIS = YES;
				CLANG_WARN_STRICT_PROTOTYPES = YES;
				CLANG_WARN_SUSPICIOUS_MOVE = YES;
				CLANG_WARN_UNGUARDED_AVAILABILITY = YES_AGGRESSIVE;
				CLANG_WARN_UNREACHABLE_CODE = YES;
				CLANG_WARN__DUPLICATE_METHOD_MATCH = YES;
				COPY_PHASE_STRIP = NO;
				DEBUG_INFORMATION_FORMAT = dwarf;
				ENABLE_STRICT_OBJC_MSGSEND = YES;
				ENABLE_TESTABILITY = YES;
				ENABLE_USER_SCRIPT_SANDBOXING = YES;
				GCC_C_LANGUAGE_STANDARD = gnu17;
				GCC_DYNAMIC_NO_PIC = NO;
				GCC_NO_COMMON_BLOCKS = YES;
				GCC_OPTIMIZATION_LEVEL = 0;
				GCC_PREPROCESSOR_DEFINITIONS = (
					"DEBUG=1",
					"$(inherited)",
				);
				GCC_WARN_64_TO_32_BIT_CONVERSION = YES;
				GCC_WARN_ABOUT_RETURN_TYPE = YES_ERROR;
				GCC_WARN_UNDECLARED_SELECTOR = YES;
				GCC_WARN_UNINITIALIZED_AUTOS = YES_AGGRESSIVE;
				GCC_WARN_UNUSED_FUNCTION = YES;
				GCC_WARN_UNUSED_VARIABLE = YES;
				LOCALIZATION_PREFERS_STRING_CATALOGS = YES;
				MTL_ENABLE_DEBUG_INFO = INCLUDE_SOURCE;
				MTL_FAST_MATH = YES;
				ONLY_ACTIVE_ARCH = YES;
				SWIFT_ACTIVE_COMPILATION_CONDITIONS = "DEBUG $(inherited)";
				SWIFT_OPTIMIZATION_LEVEL = "-Onone";
			};
			name = Debug;
		};
		64386C382D349FC5004EB5A6 /* Release */ = {
			isa = XCBuildConfiguration;
			buildSettings = {
				ALWAYS_SEARCH_USER_PATHS = NO;
				ASSETCATALOG_COMPILER_GENERATE_SWIFT_ASSET_SYMBOL_EXTENSIONS = YES;
				CLANG_ANALYZER_NONNULL = YES;
				CLANG_ANALYZER_NUMBER_OBJECT_CONVERSION = YES_AGGRESSIVE;
				CLANG_CXX_LANGUAGE_STANDARD = "gnu++20";
				CLANG_ENABLE_MODULES = YES;
				CLANG_ENABLE_OBJC_ARC = YES;
				CLANG_ENABLE_OBJC_WEAK = YES;
				CLANG_WARN_BLOCK_CAPTURE_AUTORELEASING = YES;
				CLANG_WARN_BOOL_CONVERSION = YES;
				CLANG_WARN_COMMA = YES;
				CLANG_WARN_CONSTANT_CONVERSION = YES;
				CLANG_WARN_DEPRECATED_OBJC_IMPLEMENTATIONS = YES;
				CLANG_WARN_DIRECT_OBJC_ISA_USAGE = YES_ERROR;
				CLANG_WARN_DOCUMENTATION_COMMENTS = YES;
				CLANG_WARN_EMPTY_BODY = YES;
				CLANG_WARN_ENUM_CONVERSION = YES;
				CLANG_WARN_INFINITE_RECURSION = YES;
				CLANG_WARN_INT_CONVERSION = YES;
				CLANG_WARN_NON_LITERAL_NULL_CONVERSION = YES;
				CLANG_WARN_OBJC_IMPLICIT_RETAIN_SELF = YES;
				CLANG_WARN_OBJC_LITERAL_CONVERSION = YES;
				CLANG_WARN_OBJC_ROOT_CLASS = YES_ERROR;
				CLANG_WARN_QUOTED_INCLUDE_IN_FRAMEWORK_HEADER = YES;
				CLANG_WARN_RANGE_LOOP_ANALYSIS = YES;
				CLANG_WARN_STRICT_PROTOTYPES = YES;
				CLANG_WARN_SUSPICIOUS_MOVE = YES;
				CLANG_WARN_UNGUARDED_AVAILABILITY = YES_AGGRESSIVE;
				CLANG_WARN_UNREACHABLE_CODE = YES;
				CLANG_WARN__DUPLICATE_METHOD_MATCH = YES;
				COPY_PHASE_STRIP = NO;
				DEBUG_INFORMATION_FORMAT = "dwarf-with-dsym";
				ENABLE_NS_ASSERTIONS = NO;
				ENABLE_STRICT_OBJC_MSGSEND = YES;
				ENABLE_USER_SCRIPT_SANDBOXING = YES;
				GCC_C_LANGUAGE_STANDARD = gnu17;
				GCC_NO_COMMON_BLOCKS = YES;
				GCC_WARN_64_TO_32_BIT_CONVERSION = YES;
				GCC_WARN_ABOUT_RETURN_TYPE = YES_ERROR;
				GCC_WARN_UNDECLARED_SELECTOR = YES;
				GCC_WARN_UNINITIALIZED_AUTOS = YES_AGGRESSIVE;
				GCC_WARN_UNUSED_FUNCTION = YES;
				GCC_WARN_UNUSED_VARIABLE = YES;
				LOCALIZATION_PREFERS_STRING_CATALOGS = YES;
				MTL_ENABLE_DEBUG_INFO = NO;
				MTL_FAST_MATH = YES;
				SWIFT_COMPILATION_MODE = wholemodule;
			};
			name = Release;
		};
		64386C3A2D349FC5004EB5A6 /* Debug */ = {
			isa = XCBuildConfiguration;
			buildSettings = {
				ASSETCATALOG_COMPILER_APPICON_NAME = AppIcon;
				ASSETCATALOG_COMPILER_GLOBAL_ACCENT_COLOR_NAME = AccentColor;
				CODE_SIGN_ENTITLEMENTS = FeedbackApp/FeedbackApp.entitlements;
				CODE_SIGN_STYLE = Automatic;
				CURRENT_PROJECT_VERSION = 1;
				DEVELOPMENT_ASSET_PATHS = "\"FeedbackApp/Preview Content\"";
				DEVELOPMENT_TEAM = 3W32D9WW95;
				ENABLE_HARDENED_RUNTIME = YES;
				ENABLE_PREVIEWS = YES;
				GENERATE_INFOPLIST_FILE = YES;
				INFOPLIST_FILE = FeedbackApp/Info.plist;
				"INFOPLIST_KEY_UIApplicationSceneManifest_Generation[sdk=iphoneos*]" = YES;
				"INFOPLIST_KEY_UIApplicationSceneManifest_Generation[sdk=iphonesimulator*]" = YES;
				"INFOPLIST_KEY_UIApplicationSupportsIndirectInputEvents[sdk=iphoneos*]" = YES;
				"INFOPLIST_KEY_UIApplicationSupportsIndirectInputEvents[sdk=iphonesimulator*]" = YES;
				"INFOPLIST_KEY_UILaunchScreen_Generation[sdk=iphoneos*]" = YES;
				"INFOPLIST_KEY_UILaunchScreen_Generation[sdk=iphonesimulator*]" = YES;
				"INFOPLIST_KEY_UIStatusBarStyle[sdk=iphoneos*]" = UIStatusBarStyleDefault;
				"INFOPLIST_KEY_UIStatusBarStyle[sdk=iphonesimulator*]" = UIStatusBarStyleDefault;
				INFOPLIST_KEY_UISupportedInterfaceOrientations_iPad = "UIInterfaceOrientationPortrait UIInterfaceOrientationPortraitUpsideDown UIInterfaceOrientationLandscapeLeft UIInterfaceOrientationLandscapeRight";
				INFOPLIST_KEY_UISupportedInterfaceOrientations_iPhone = "UIInterfaceOrientationPortrait UIInterfaceOrientationLandscapeLeft UIInterfaceOrientationLandscapeRight";
				IPHONEOS_DEPLOYMENT_TARGET = 17.5;
				LD_RUNPATH_SEARCH_PATHS = "@executable_path/Frameworks";
				"LD_RUNPATH_SEARCH_PATHS[sdk=macosx*]" = "@executable_path/../Frameworks";
				MACOSX_DEPLOYMENT_TARGET = 14.4;
				MARKETING_VERSION = 1.0;
				PRODUCT_BUNDLE_IDENTIFIER = com.casalecchi.FeedbackApp;
				PRODUCT_NAME = "$(TARGET_NAME)";
				SDKROOT = auto;
				SUPPORTED_PLATFORMS = "iphoneos iphonesimulator macosx";
				SWIFT_EMIT_LOC_STRINGS = YES;
				SWIFT_VERSION = 5.0;
				TARGETED_DEVICE_FAMILY = "1,2";
			};
			name = Debug;
		};
		64386C3B2D349FC5004EB5A6 /* Release */ = {
			isa = XCBuildConfiguration;
			buildSettings = {
				ASSETCATALOG_COMPILER_APPICON_NAME = AppIcon;
				ASSETCATALOG_COMPILER_GLOBAL_ACCENT_COLOR_NAME = AccentColor;
				CODE_SIGN_ENTITLEMENTS = FeedbackApp/FeedbackApp.entitlements;
				CODE_SIGN_STYLE = Automatic;
				CURRENT_PROJECT_VERSION = 1;
				DEVELOPMENT_ASSET_PATHS = "\"FeedbackApp/Preview Content\"";
				DEVELOPMENT_TEAM = 3W32D9WW95;
				ENABLE_HARDENED_RUNTIME = YES;
				ENABLE_PREVIEWS = YES;
				GENERATE_INFOPLIST_FILE = YES;
				INFOPLIST_FILE = FeedbackApp/Info.plist;
				"INFOPLIST_KEY_UIApplicationSceneManifest_Generation[sdk=iphoneos*]" = YES;
				"INFOPLIST_KEY_UIApplicationSceneManifest_Generation[sdk=iphonesimulator*]" = YES;
				"INFOPLIST_KEY_UIApplicationSupportsIndirectInputEvents[sdk=iphoneos*]" = YES;
				"INFOPLIST_KEY_UIApplicationSupportsIndirectInputEvents[sdk=iphonesimulator*]" = YES;
				"INFOPLIST_KEY_UILaunchScreen_Generation[sdk=iphoneos*]" = YES;
				"INFOPLIST_KEY_UILaunchScreen_Generation[sdk=iphonesimulator*]" = YES;
				"INFOPLIST_KEY_UIStatusBarStyle[sdk=iphoneos*]" = UIStatusBarStyleDefault;
				"INFOPLIST_KEY_UIStatusBarStyle[sdk=iphonesimulator*]" = UIStatusBarStyleDefault;
				INFOPLIST_KEY_UISupportedInterfaceOrientations_iPad = "UIInterfaceOrientationPortrait UIInterfaceOrientationPortraitUpsideDown UIInterfaceOrientationLandscapeLeft UIInterfaceOrientationLandscapeRight";
				INFOPLIST_KEY_UISupportedInterfaceOrientations_iPhone = "UIInterfaceOrientationPortrait UIInterfaceOrientationLandscapeLeft UIInterfaceOrientationLandscapeRight";
				IPHONEOS_DEPLOYMENT_TARGET = 17.5;
				LD_RUNPATH_SEARCH_PATHS = "@executable_path/Frameworks";
				"LD_RUNPATH_SEARCH_PATHS[sdk=macosx*]" = "@executable_path/../Frameworks";
				MACOSX_DEPLOYMENT_TARGET = 14.4;
				MARKETING_VERSION = 1.0;
				PRODUCT_BUNDLE_IDENTIFIER = com.casalecchi.FeedbackApp;
				PRODUCT_NAME = "$(TARGET_NAME)";
				SDKROOT = auto;
				SUPPORTED_PLATFORMS = "iphoneos iphonesimulator macosx";
				SWIFT_EMIT_LOC_STRINGS = YES;
				SWIFT_VERSION = 5.0;
				TARGETED_DEVICE_FAMILY = "1,2";
			};
			name = Release;
		};
/* End XCBuildConfiguration section */

/* Begin XCConfigurationList section */
		64386C252D349FC4004EB5A6 /* Build configuration list for PBXProject "FeedbackApp" */ = {
			isa = XCConfigurationList;
			buildConfigurations = (
				64386C372D349FC5004EB5A6 /* Debug */,
				64386C382D349FC5004EB5A6 /* Release */,
			);
			defaultConfigurationIsVisible = 0;
			defaultConfigurationName = Release;
		};
		64386C392D349FC5004EB5A6 /* Build configuration list for PBXNativeTarget "FeedbackApp" */ = {
			isa = XCConfigurationList;
			buildConfigurations = (
				64386C3A2D349FC5004EB5A6 /* Debug */,
				64386C3B2D349FC5004EB5A6 /* Release */,
			);
			defaultConfigurationIsVisible = 0;
			defaultConfigurationName = Release;
		};
/* End XCConfigurationList section */

/* Begin XCVersionGroup section */
		64386C3C2D35C07E004EB5A6 /* Main.xcdatamodeld */ = {
			isa = XCVersionGroup;
			children = (
				64386C3D2D35C07E004EB5A6 /* Main.xcdatamodel */,
			);
			currentVersion = 64386C3D2D35C07E004EB5A6 /* Main.xcdatamodel */;
			name = Main.xcdatamodeld;
			path = "/Users/casalecchi/Code/iOS Projects/FeedbackApp/FeedbackApp/Main.xcdatamodeld";
			sourceTree = "<group>";
			versionGroupType = wrapper.xcdatamodel;
		};
/* End XCVersionGroup section */
	};
	rootObject = 64386C222D349FC4004EB5A6 /* Project object */;
}
